
Microsoft Visual Studio Solution File, Format Version 12.00
# Visual Studio Version 17
VisualStudioVersion = 17.6.33829.357
MinimumVisualStudioVersion = 10.0.40219.1
Project("{FAE04EC0-301F-11D3-BF4B-00C04F79EFBC}") = "TaskManagementSystem", "TaskManagementSystem\TaskManagementSystem.csproj", "{59073F80-77FC-46BF-AC97-8DD8135E2B2D}"
EndProject
Global
	GlobalSection(SolutionConfigurationPlatforms) = preSolution
		Debug|Any CPU = Debug|Any CPU
		Release|Any CPU = Release|Any CPU
	EndGlobalSection
	GlobalSection(ProjectConfigurationPlatforms) = postSolution
		{59073F80-77FC-46BF-AC97-8DD8135E2B2D}.Debug|Any CPU.ActiveCfg = Debug|Any CPU
		{59073F80-77FC-46BF-AC97-8DD8135E2B2D}.Debug|Any CPU.Build.0 = Debug|Any CPU
		{59073F80-77FC-46BF-AC97-8DD8135E2B2D}.Release|Any CPU.ActiveCfg = Release|Any CPU
		{59073F80-77FC-46BF-AC97-8DD8135E2B2D}.Release|Any CPU.Build.0 = Release|Any CPU
	EndGlobalSection
	GlobalSection(SolutionProperties) = preSolution
		HideSolutionNode = FALSE
	EndGlobalSection
	GlobalSection(ExtensibilityGlobals) = postSolution
		SolutionGuid = {5352D665-37A8-48D3-9636-5CD8B0F84AEB}
	EndGlobalSection
EndGlobal
